// !$*UTF8*$!
{
	archiveVersion = 1;
	classes = {
	};
	objectVersion = 46;
	objects = {

/* Begin PBXBuildFile section */
		470DA0FF1C57E6EB0073D6D4 /* MovieDetailsViewController.swift in Sources */ = {isa = PBXBuildFile; fileRef = 470DA0FE1C57E6EB0073D6D4 /* MovieDetailsViewController.swift */; };
		4718BF511C56B87A00FAC195 /* TableShowsViewController.swift in Sources */ = {isa = PBXBuildFile; fileRef = 4718BF501C56B87A00FAC195 /* TableShowsViewController.swift */; };
		4718BF531C56B95400FAC195 /* TableViewCell.swift in Sources */ = {isa = PBXBuildFile; fileRef = 4718BF521C56B95400FAC195 /* TableViewCell.swift */; };
		4718BF561C56C13400FAC195 /* Episodes.swift in Sources */ = {isa = PBXBuildFile; fileRef = 4718BF541C56C13400FAC195 /* Episodes.swift */; };
		4718BF571C56C13400FAC195 /* Seasons.swift in Sources */ = {isa = PBXBuildFile; fileRef = 4718BF551C56C13400FAC195 /* Seasons.swift */; };
		471E24801C5136A8003FB1E6 /* LoginViewController.swift in Sources */ = {isa = PBXBuildFile; fileRef = 471E247F1C5136A8003FB1E6 /* LoginViewController.swift */; };
		474E5CB71C289934007DADBD /* AppDelegate.swift in Sources */ = {isa = PBXBuildFile; fileRef = 474E5CB61C289934007DADBD /* AppDelegate.swift */; };
		474E5CB91C289934007DADBD /* FirstViewController.swift in Sources */ = {isa = PBXBuildFile; fileRef = 474E5CB81C289934007DADBD /* FirstViewController.swift */; };
		474E5CBB1C289934007DADBD /* SecondViewController.swift in Sources */ = {isa = PBXBuildFile; fileRef = 474E5CBA1C289934007DADBD /* SecondViewController.swift */; };
		474E5CBE1C289934007DADBD /* Main.storyboard in Resources */ = {isa = PBXBuildFile; fileRef = 474E5CBC1C289934007DADBD /* Main.storyboard */; };
		4771DA561C46E29C008022A5 /* ThirdViewController.swift in Sources */ = {isa = PBXBuildFile; fileRef = 4771DA551C46E29C008022A5 /* ThirdViewController.swift */; };
		4771DA581C46E2A5008022A5 /* FourthViewController.swift in Sources */ = {isa = PBXBuildFile; fileRef = 4771DA571C46E2A5008022A5 /* FourthViewController.swift */; };
		4771DA5A1C46E6FE008022A5 /* BasicCellWatchlist.swift in Sources */ = {isa = PBXBuildFile; fileRef = 4771DA591C46E6FE008022A5 /* BasicCellWatchlist.swift */; };
		4776D85B1C551C9E006844CC /* BasicCellDiscover.swift in Sources */ = {isa = PBXBuildFile; fileRef = 4776D85A1C551C9E006844CC /* BasicCellDiscover.swift */; };
		4776D85D1C55222E006844CC /* Movies.swift in Sources */ = {isa = PBXBuildFile; fileRef = 4776D85C1C55222E006844CC /* Movies.swift */; };
		4776D85F1C553704006844CC /* Assets.xcassets in Resources */ = {isa = PBXBuildFile; fileRef = 4776D85E1C553704006844CC /* Assets.xcassets */; };
		479823E71C50122400905454 /* Helper.swift in Sources */ = {isa = PBXBuildFile; fileRef = 479823E61C50122400905454 /* Helper.swift */; };
		479823F51C50149100905454 /* Ids.swift in Sources */ = {isa = PBXBuildFile; fileRef = 479823EB1C50149100905454 /* Ids.swift */; };
		479823F61C50149100905454 /* Images.swift in Sources */ = {isa = PBXBuildFile; fileRef = 479823EC1C50149100905454 /* Images.swift */; };
		479823F71C50149100905454 /* TVShows.swift in Sources */ = {isa = PBXBuildFile; fileRef = 479823ED1C50149100905454 /* TVShows.swift */; };
		479823F91C50149100905454 /* Poster.swift in Sources */ = {isa = PBXBuildFile; fileRef = 479823EF1C50149100905454 /* Poster.swift */; };
		479823FA1C50149100905454 /* ShowOrMovie.swift in Sources */ = {isa = PBXBuildFile; fileRef = 479823F01C50149100905454 /* ShowOrMovie.swift */; };
		479823FD1C50177900905454 /* HudView.swift in Sources */ = {isa = PBXBuildFile; fileRef = 479823FC1C50177900905454 /* HudView.swift */; };
		6BB7E658DDC5C294CBF2A5F9 /* Pods_ProyectoDAM.framework in Frameworks */ = {isa = PBXBuildFile; fileRef = 7263278990CED0354C36A6DD /* Pods_ProyectoDAM.framework */; };
/* End PBXBuildFile section */

/* Begin PBXFileReference section */
		470DA0FE1C57E6EB0073D6D4 /* MovieDetailsViewController.swift */ = {isa = PBXFileReference; fileEncoding = 4; lastKnownFileType = sourcecode.swift; path = MovieDetailsViewController.swift; sourceTree = "<group>"; };
		4718BF501C56B87A00FAC195 /* TableShowsViewController.swift */ = {isa = PBXFileReference; fileEncoding = 4; lastKnownFileType = sourcecode.swift; path = TableShowsViewController.swift; sourceTree = "<group>"; };
		4718BF521C56B95400FAC195 /* TableViewCell.swift */ = {isa = PBXFileReference; fileEncoding = 4; lastKnownFileType = sourcecode.swift; path = TableViewCell.swift; sourceTree = "<group>"; };
		4718BF541C56C13400FAC195 /* Episodes.swift */ = {isa = PBXFileReference; fileEncoding = 4; lastKnownFileType = sourcecode.swift; path = Episodes.swift; sourceTree = "<group>"; };
		4718BF551C56C13400FAC195 /* Seasons.swift */ = {isa = PBXFileReference; fileEncoding = 4; lastKnownFileType = sourcecode.swift; path = Seasons.swift; sourceTree = "<group>"; };
		471E247F1C5136A8003FB1E6 /* LoginViewController.swift */ = {isa = PBXFileReference; fileEncoding = 4; lastKnownFileType = sourcecode.swift; path = LoginViewController.swift; sourceTree = "<group>"; };
		474E5CB31C289934007DADBD /* ProyectoDAM.app */ = {isa = PBXFileReference; explicitFileType = wrapper.application; includeInIndex = 0; path = ProyectoDAM.app; sourceTree = BUILT_PRODUCTS_DIR; };
		474E5CB61C289934007DADBD /* AppDelegate.swift */ = {isa = PBXFileReference; lastKnownFileType = sourcecode.swift; path = AppDelegate.swift; sourceTree = "<group>"; };
		474E5CB81C289934007DADBD /* FirstViewController.swift */ = {isa = PBXFileReference; lastKnownFileType = sourcecode.swift; path = FirstViewController.swift; sourceTree = "<group>"; };
		474E5CBA1C289934007DADBD /* SecondViewController.swift */ = {isa = PBXFileReference; lastKnownFileType = sourcecode.swift; path = SecondViewController.swift; sourceTree = "<group>"; };
		474E5CBD1C289934007DADBD /* Base */ = {isa = PBXFileReference; lastKnownFileType = file.storyboard; name = Base; path = Base.lproj/Main.storyboard; sourceTree = "<group>"; };
		474E5CC41C289934007DADBD /* Info.plist */ = {isa = PBXFileReference; lastKnownFileType = text.plist.xml; path = Info.plist; sourceTree = "<group>"; };
		4771DA551C46E29C008022A5 /* ThirdViewController.swift */ = {isa = PBXFileReference; fileEncoding = 4; lastKnownFileType = sourcecode.swift; path = ThirdViewController.swift; sourceTree = "<group>"; };
		4771DA571C46E2A5008022A5 /* FourthViewController.swift */ = {isa = PBXFileReference; fileEncoding = 4; lastKnownFileType = sourcecode.swift; path = FourthViewController.swift; sourceTree = "<group>"; };
		4771DA591C46E6FE008022A5 /* BasicCellWatchlist.swift */ = {isa = PBXFileReference; fileEncoding = 4; lastKnownFileType = sourcecode.swift; path = BasicCellWatchlist.swift; sourceTree = "<group>"; };
		4776D85A1C551C9E006844CC /* BasicCellDiscover.swift */ = {isa = PBXFileReference; fileEncoding = 4; lastKnownFileType = sourcecode.swift; path = BasicCellDiscover.swift; sourceTree = "<group>"; };
		4776D85C1C55222E006844CC /* Movies.swift */ = {isa = PBXFileReference; fileEncoding = 4; lastKnownFileType = sourcecode.swift; path = Movies.swift; sourceTree = "<group>"; };
		4776D85E1C553704006844CC /* Assets.xcassets */ = {isa = PBXFileReference; lastKnownFileType = folder.assetcatalog; path = Assets.xcassets; sourceTree = "<group>"; };
		479823E61C50122400905454 /* Helper.swift */ = {isa = PBXFileReference; fileEncoding = 4; lastKnownFileType = sourcecode.swift; path = Helper.swift; sourceTree = "<group>"; };
		479823EB1C50149100905454 /* Ids.swift */ = {isa = PBXFileReference; fileEncoding = 4; lastKnownFileType = sourcecode.swift; path = Ids.swift; sourceTree = "<group>"; };
		479823EC1C50149100905454 /* Images.swift */ = {isa = PBXFileReference; fileEncoding = 4; lastKnownFileType = sourcecode.swift; path = Images.swift; sourceTree = "<group>"; };
		479823ED1C50149100905454 /* TVShows.swift */ = {isa = PBXFileReference; fileEncoding = 4; lastKnownFileType = sourcecode.swift; path = TVShows.swift; sourceTree = "<group>"; };
		479823EF1C50149100905454 /* Poster.swift */ = {isa = PBXFileReference; fileEncoding = 4; lastKnownFileType = sourcecode.swift; path = Poster.swift; sourceTree = "<group>"; };
		479823F01C50149100905454 /* ShowOrMovie.swift */ = {isa = PBXFileReference; fileEncoding = 4; lastKnownFileType = sourcecode.swift; path = ShowOrMovie.swift; sourceTree = "<group>"; };
		479823FC1C50177900905454 /* HudView.swift */ = {isa = PBXFileReference; fileEncoding = 4; lastKnownFileType = sourcecode.swift; path = HudView.swift; sourceTree = "<group>"; };
		7263278990CED0354C36A6DD /* Pods_ProyectoDAM.framework */ = {isa = PBXFileReference; explicitFileType = wrapper.framework; includeInIndex = 0; path = Pods_ProyectoDAM.framework; sourceTree = BUILT_PRODUCTS_DIR; };
		9AB7A56224743243529506F3 /* Pods-ProyectoDAM.release.xcconfig */ = {isa = PBXFileReference; includeInIndex = 1; lastKnownFileType = text.xcconfig; name = "Pods-ProyectoDAM.release.xcconfig"; path = "Pods/Target Support Files/Pods-ProyectoDAM/Pods-ProyectoDAM.release.xcconfig"; sourceTree = "<group>"; };
		CCE90DD0EE03B493502804FB /* Pods-ProyectoDAM.debug.xcconfig */ = {isa = PBXFileReference; includeInIndex = 1; lastKnownFileType = text.xcconfig; name = "Pods-ProyectoDAM.debug.xcconfig"; path = "Pods/Target Support Files/Pods-ProyectoDAM/Pods-ProyectoDAM.debug.xcconfig"; sourceTree = "<group>"; };
/* End PBXFileReference section */

/* Begin PBXFrameworksBuildPhase section */
		474E5CB01C289934007DADBD /* Frameworks */ = {
			isa = PBXFrameworksBuildPhase;
			buildActionMask = 2147483647;
			files = (
				6BB7E658DDC5C294CBF2A5F9 /* Pods_ProyectoDAM.framework in Frameworks */,
			);
			runOnlyForDeploymentPostprocessing = 0;
		};
/* End PBXFrameworksBuildPhase section */

/* Begin PBXGroup section */
		474B52741C4800610095686C /* Models */ = {
			isa = PBXGroup;
			children = (
				479823ED1C50149100905454 /* TVShows.swift */,
				4776D85C1C55222E006844CC /* Movies.swift */,
				479823F01C50149100905454 /* ShowOrMovie.swift */,
				479823EB1C50149100905454 /* Ids.swift */,
				479823EC1C50149100905454 /* Images.swift */,
				479823EF1C50149100905454 /* Poster.swift */,
				4718BF551C56C13400FAC195 /* Seasons.swift */,
				4718BF541C56C13400FAC195 /* Episodes.swift */,
			);
			name = Models;
			sourceTree = "<group>";
		};
		474E5CAA1C289934007DADBD = {
			isa = PBXGroup;
			children = (
				474E5CB51C289934007DADBD /* ProyectoDAM */,
				474E5CB41C289934007DADBD /* Products */,
				A550BAE11075749E73C14362 /* Pods */,
				86DC5609463FDF86F32D668E /* Frameworks */,
			);
			sourceTree = "<group>";
		};
		474E5CB41C289934007DADBD /* Products */ = {
			isa = PBXGroup;
			children = (
				474E5CB31C289934007DADBD /* ProyectoDAM.app */,
			);
			name = Products;
			sourceTree = "<group>";
		};
		474E5CB51C289934007DADBD /* ProyectoDAM */ = {
			isa = PBXGroup;
			children = (
				474E5CB61C289934007DADBD /* AppDelegate.swift */,
				471E247F1C5136A8003FB1E6 /* LoginViewController.swift */,
				479823FF1C501EA400905454 /* Helpers */,
				474B52741C4800610095686C /* Models */,
				479823FE1C501E9100905454 /* Basic Cells */,
				474E5CB81C289934007DADBD /* FirstViewController.swift */,
				4718BF501C56B87A00FAC195 /* TableShowsViewController.swift */,
				470DA0FE1C57E6EB0073D6D4 /* MovieDetailsViewController.swift */,
				474E5CBA1C289934007DADBD /* SecondViewController.swift */,
				4771DA551C46E29C008022A5 /* ThirdViewController.swift */,
				4771DA571C46E2A5008022A5 /* FourthViewController.swift */,
				474E5CBC1C289934007DADBD /* Main.storyboard */,
				4776D85E1C553704006844CC /* Assets.xcassets */,
				474E5CC41C289934007DADBD /* Info.plist */,
			);
			path = ProyectoDAM;
			sourceTree = "<group>";
		};
		479823FE1C501E9100905454 /* Basic Cells */ = {
			isa = PBXGroup;
			children = (
				4771DA591C46E6FE008022A5 /* BasicCellWatchlist.swift */,
				4776D85A1C551C9E006844CC /* BasicCellDiscover.swift */,
				4718BF521C56B95400FAC195 /* TableViewCell.swift */,
			);
			name = "Basic Cells";
			sourceTree = "<group>";
		};
		479823FF1C501EA400905454 /* Helpers */ = {
			isa = PBXGroup;
			children = (
				479823E61C50122400905454 /* Helper.swift */,
				479823FC1C50177900905454 /* HudView.swift */,
			);
			name = Helpers;
			sourceTree = "<group>";
		};
		86DC5609463FDF86F32D668E /* Frameworks */ = {
			isa = PBXGroup;
			children = (
				7263278990CED0354C36A6DD /* Pods_ProyectoDAM.framework */,
			);
			name = Frameworks;
			sourceTree = "<group>";
		};
		A550BAE11075749E73C14362 /* Pods */ = {
			isa = PBXGroup;
			children = (
				CCE90DD0EE03B493502804FB /* Pods-ProyectoDAM.debug.xcconfig */,
				9AB7A56224743243529506F3 /* Pods-ProyectoDAM.release.xcconfig */,
			);
			name = Pods;
			sourceTree = "<group>";
		};
/* End PBXGroup section */

/* Begin PBXNativeTarget section */
		474E5CB21C289934007DADBD /* ProyectoDAM */ = {
			isa = PBXNativeTarget;
			buildConfigurationList = 474E5CC71C289934007DADBD /* Build configuration list for PBXNativeTarget "ProyectoDAM" */;
			buildPhases = (
				720A0D27FF395FD470BCC472 /* Check Pods Manifest.lock */,
				474E5CAF1C289934007DADBD /* Sources */,
				474E5CB01C289934007DADBD /* Frameworks */,
				474E5CB11C289934007DADBD /* Resources */,
				8602B8B9D96DFFED6CEE168D /* Embed Pods Frameworks */,
				124590358CC55E5DD50D1CD7 /* Copy Pods Resources */,
			);
			buildRules = (
			);
			dependencies = (
			);
			name = ProyectoDAM;
			productName = ProyectoDAM;
			productReference = 474E5CB31C289934007DADBD /* ProyectoDAM.app */;
			productType = "com.apple.product-type.application";
		};
/* End PBXNativeTarget section */

/* Begin PBXProject section */
		474E5CAB1C289934007DADBD /* Project object */ = {
			isa = PBXProject;
			attributes = {
				LastSwiftUpdateCheck = 0720;
				LastUpgradeCheck = 0720;
				ORGANIZATIONNAME = TaniaXavi;
				TargetAttributes = {
					474E5CB21C289934007DADBD = {
						CreatedOnToolsVersion = 7.2;
						DevelopmentTeam = 6VESDV3H2A;
					};
				};
			};
			buildConfigurationList = 474E5CAE1C289934007DADBD /* Build configuration list for PBXProject "ProyectoDAM" */;
			compatibilityVersion = "Xcode 3.2";
			developmentRegion = English;
			hasScannedForEncodings = 0;
			knownRegions = (
				en,
				Base,
			);
			mainGroup = 474E5CAA1C289934007DADBD;
			productRefGroup = 474E5CB41C289934007DADBD /* Products */;
			projectDirPath = "";
			projectRoot = "";
			targets = (
				474E5CB21C289934007DADBD /* ProyectoDAM */,
			);
		};
/* End PBXProject section */

/* Begin PBXResourcesBuildPhase section */
		474E5CB11C289934007DADBD /* Resources */ = {
			isa = PBXResourcesBuildPhase;
			buildActionMask = 2147483647;
			files = (
				4776D85F1C553704006844CC /* Assets.xcassets in Resources */,
				474E5CBE1C289934007DADBD /* Main.storyboard in Resources */,
			);
			runOnlyForDeploymentPostprocessing = 0;
		};
/* End PBXResourcesBuildPhase section */

/* Begin PBXShellScriptBuildPhase section */
		124590358CC55E5DD50D1CD7 /* Copy Pods Resources */ = {
			isa = PBXShellScriptBuildPhase;
			buildActionMask = 2147483647;
			files = (
			);
			inputPaths = (
			);
			name = "Copy Pods Resources";
			outputPaths = (
			);
			runOnlyForDeploymentPostprocessing = 0;
			shellPath = /bin/sh;
			shellScript = "\"${SRCROOT}/Pods/Target Support Files/Pods-ProyectoDAM/Pods-ProyectoDAM-resources.sh\"\n";
			showEnvVarsInLog = 0;
		};
		720A0D27FF395FD470BCC472 /* Check Pods Manifest.lock */ = {
			isa = PBXShellScriptBuildPhase;
			buildActionMask = 2147483647;
			files = (
			);
			inputPaths = (
			);
			name = "Check Pods Manifest.lock";
			outputPaths = (
			);
			runOnlyForDeploymentPostprocessing = 0;
			shellPath = /bin/sh;
			shellScript = "diff \"${PODS_ROOT}/../Podfile.lock\" \"${PODS_ROOT}/Manifest.lock\" > /dev/null\nif [[ $? != 0 ]] ; then\n    cat << EOM\nerror: The sandbox is not in sync with the Podfile.lock. Run 'pod install' or update your CocoaPods installation.\nEOM\n    exit 1\nfi\n";
			showEnvVarsInLog = 0;
		};
		8602B8B9D96DFFED6CEE168D /* Embed Pods Frameworks */ = {
			isa = PBXShellScriptBuildPhase;
			buildActionMask = 2147483647;
			files = (
			);
			inputPaths = (
			);
			name = "Embed Pods Frameworks";
			outputPaths = (
			);
			runOnlyForDeploymentPostprocessing = 0;
			shellPath = /bin/sh;
			shellScript = "\"${SRCROOT}/Pods/Target Support Files/Pods-ProyectoDAM/Pods-ProyectoDAM-frameworks.sh\"\n";
			showEnvVarsInLog = 0;
		};
/* End PBXShellScriptBuildPhase section */

/* Begin PBXSourcesBuildPhase section */
		474E5CAF1C289934007DADBD /* Sources */ = {
			isa = PBXSourcesBuildPhase;
			buildActionMask = 2147483647;
			files = (
				479823F51C50149100905454 /* Ids.swift in Sources */,
				479823FA1C50149100905454 /* ShowOrMovie.swift in Sources */,
				474E5CBB1C289934007DADBD /* SecondViewController.swift in Sources */,
				4718BF531C56B95400FAC195 /* TableViewCell.swift in Sources */,
				474E5CB71C289934007DADBD /* AppDelegate.swift in Sources */,
				4718BF561C56C13400FAC195 /* Episodes.swift in Sources */,
				479823F91C50149100905454 /* Poster.swift in Sources */,
				479823F61C50149100905454 /* Images.swift in Sources */,
				4718BF571C56C13400FAC195 /* Seasons.swift in Sources */,
				4776D85B1C551C9E006844CC /* BasicCellDiscover.swift in Sources */,
				479823F71C50149100905454 /* TVShows.swift in Sources */,
				4718BF511C56B87A00FAC195 /* TableShowsViewController.swift in Sources */,
				4771DA561C46E29C008022A5 /* ThirdViewController.swift in Sources */,
				471E24801C5136A8003FB1E6 /* LoginViewController.swift in Sources */,
				4776D85D1C55222E006844CC /* Movies.swift in Sources */,
				474E5CB91C289934007DADBD /* FirstViewController.swift in Sources */,
				4771DA5A1C46E6FE008022A5 /* BasicCellWatchlist.swift in Sources */,
				470DA0FF1C57E6EB0073D6D4 /* MovieDetailsViewController.swift in Sources */,
				4771DA581C46E2A5008022A5 /* FourthViewController.swift in Sources */,
				479823E71C50122400905454 /* Helper.swift in Sources */,
				479823FD1C50177900905454 /* HudView.swift in Sources */,
			);
			runOnlyForDeploymentPostprocessing = 0;
		};
/* End PBXSourcesBuildPhase section */

/* Begin PBXVariantGroup section */
		474E5CBC1C289934007DADBD /* Main.storyboard */ = {
			isa = PBXVariantGroup;
			children = (
				474E5CBD1C289934007DADBD /* Base */,
			);
			name = Main.storyboard;
			sourceTree = "<group>";
		};
/* End PBXVariantGroup section */

/* Begin XCBuildConfiguration section */
		474E5CC51C289934007DADBD /* Debug */ = {
			isa = XCBuildConfiguration;
			buildSettings = {
				ALWAYS_SEARCH_USER_PATHS = NO;
				CLANG_CXX_LANGUAGE_STANDARD = "gnu++0x";
				CLANG_CXX_LIBRARY = "libc++";
				CLANG_ENABLE_MODULES = YES;
				CLANG_ENABLE_OBJC_ARC = YES;
				CLANG_WARN_BOOL_CONVERSION = YES;
				CLANG_WARN_CONSTANT_CONVERSION = YES;
				CLANG_WARN_DIRECT_OBJC_ISA_USAGE = YES_ERROR;
				CLANG_WARN_EMPTY_BODY = YES;
				CLANG_WARN_ENUM_CONVERSION = YES;
				CLANG_WARN_INT_CONVERSION = YES;
				CLANG_WARN_OBJC_ROOT_CLASS = YES_ERROR;
				CLANG_WARN_UNREACHABLE_CODE = YES;
				CLANG_WARN__DUPLICATE_METHOD_MATCH = YES;
				"CODE_SIGN_IDENTITY[sdk=iphoneos*]" = "iPhone Developer";
				COPY_PHASE_STRIP = NO;
				DEBUG_INFORMATION_FORMAT = dwarf;
				ENABLE_STRICT_OBJC_MSGSEND = YES;
				ENABLE_TESTABILITY = YES;
				GCC_C_LANGUAGE_STANDARD = gnu99;
				GCC_DYNAMIC_NO_PIC = NO;
				GCC_NO_COMMON_BLOCKS = YES;
				GCC_OPTIMIZATION_LEVEL = 0;
				GCC_PREPROCESSOR_DEFINITIONS = (
					"DEBUG=1",
					"$(inherited)",
				);
				GCC_WARN_64_TO_32_BIT_CONVERSION = YES;
				GCC_WARN_ABOUT_RETURN_TYPE = YES_ERROR;
				GCC_WARN_UNDECLARED_SELECTOR = YES;
				GCC_WARN_UNINITIALIZED_AUTOS = YES_AGGRESSIVE;
				GCC_WARN_UNUSED_FUNCTION = YES;
				GCC_WARN_UNUSED_VARIABLE = YES;
				IPHONEOS_DEPLOYMENT_TARGET = 9.2;
				MTL_ENABLE_DEBUG_INFO = YES;
				ONLY_ACTIVE_ARCH = YES;
				SDKROOT = iphoneos;
				SWIFT_OPTIMIZATION_LEVEL = "-Onone";
			};
			name = Debug;
		};
		474E5CC61C289934007DADBD /* Release */ = {
			isa = XCBuildConfiguration;
			buildSettings = {
				ALWAYS_SEARCH_USER_PATHS = NO;
				CLANG_CXX_LANGUAGE_STANDARD = "gnu++0x";
				CLANG_CXX_LIBRARY = "libc++";
				CLANG_ENABLE_MODULES = YES;
				CLANG_ENABLE_OBJC_ARC = YES;
				CLANG_WARN_BOOL_CONVERSION = YES;
				CLANG_WARN_CONSTANT_CONVERSION = YES;
				CLANG_WARN_DIRECT_OBJC_ISA_USAGE = YES_ERROR;
				CLANG_WARN_EMPTY_BODY = YES;
				CLANG_WARN_ENUM_CONVERSION = YES;
				CLANG_WARN_INT_CONVERSION = YES;
				CLANG_WARN_OBJC_ROOT_CLASS = YES_ERROR;
				CLANG_WARN_UNREACHABLE_CODE = YES;
				CLANG_WARN__DUPLICATE_METHOD_MATCH = YES;
				"CODE_SIGN_IDENTITY[sdk=iphoneos*]" = "iPhone Developer";
				COPY_PHASE_STRIP = NO;
				DEBUG_INFORMATION_FORMAT = "dwarf-with-dsym";
				ENABLE_NS_ASSERTIONS = NO;
				ENABLE_STRICT_OBJC_MSGSEND = YES;
				GCC_C_LANGUAGE_STANDARD = gnu99;
				GCC_NO_COMMON_BLOCKS = YES;
				GCC_WARN_64_TO_32_BIT_CONVERSION = YES;
				GCC_WARN_ABOUT_RETURN_TYPE = YES_ERROR;
				GCC_WARN_UNDECLARED_SELECTOR = YES;
				GCC_WARN_UNINITIALIZED_AUTOS = YES_AGGRESSIVE;
				GCC_WARN_UNUSED_FUNCTION = YES;
				GCC_WARN_UNUSED_VARIABLE = YES;
				IPHONEOS_DEPLOYMENT_TARGET = 9.2;
				MTL_ENABLE_DEBUG_INFO = NO;
				SDKROOT = iphoneos;
				VALIDATE_PRODUCT = YES;
			};
			name = Release;
		};
		474E5CC81C289934007DADBD /* Debug */ = {
			isa = XCBuildConfiguration;
			baseConfigurationReference = CCE90DD0EE03B493502804FB /* Pods-ProyectoDAM.debug.xcconfig */;
			buildSettings = {
				ASSETCATALOG_COMPILER_APPICON_NAME = AppIcon;
				INFOPLIST_FILE = ProyectoDAM/Info.plist;
				IPHONEOS_DEPLOYMENT_TARGET = 9.0;
				LD_RUNPATH_SEARCH_PATHS = "$(inherited) @executable_path/Frameworks";
				PRODUCT_BUNDLE_IDENTIFIER = tania.xavi.ProyectoDAM;
				PRODUCT_NAME = "$(TARGET_NAME)";
			};
			name = Debug;
		};
		474E5CC91C289934007DADBD /* Release */ = {
			isa = XCBuildConfiguration;
			baseConfigurationReference = 9AB7A56224743243529506F3 /* Pods-ProyectoDAM.release.xcconfig */;
			buildSettings = {
				ASSETCATALOG_COMPILER_APPICON_NAME = AppIcon;
				INFOPLIST_FILE = ProyectoDAM/Info.plist;
				IPHONEOS_DEPLOYMENT_TARGET = 9.0;
				LD_RUNPATH_SEARCH_PATHS = "$(inherited) @executable_path/Frameworks";
				PRODUCT_BUNDLE_IDENTIFIER = tania.xavi.ProyectoDAM;
				PRODUCT_NAME = "$(TARGET_NAME)";
			};
			name = Release;
		};
/* End XCBuildConfiguration section */

/* Begin XCConfigurationList section */
		474E5CAE1C289934007DADBD /* Build configuration list for PBXProject "ProyectoDAM" */ = {
			isa = XCConfigurationList;
			buildConfigurations = (
				474E5CC51C289934007DADBD /* Debug */,
				474E5CC61C289934007DADBD /* Release */,
			);
			defaultConfigurationIsVisible = 0;
			defaultConfigurationName = Release;
		};
		474E5CC71C289934007DADBD /* Build configuration list for PBXNativeTarget "ProyectoDAM" */ = {
			isa = XCConfigurationList;
			buildConfigurations = (
				474E5CC81C289934007DADBD /* Debug */,
				474E5CC91C289934007DADBD /* Release */,
			);
			defaultConfigurationIsVisible = 0;
			defaultConfigurationName = Release;
		};
/* End XCConfigurationList section */
	};
	rootObject = 474E5CAB1C289934007DADBD /* Project object */;
}
